
Microsoft Visual Studio Solution File, Format Version 12.00
# Visual Studio 15
VisualStudioVersion = 15.0.28307.572
MinimumVisualStudioVersion = 10.0.40219.1
Project("{FAE04EC0-301F-11D3-BF4B-00C04F79EFBC}") = "Carter", "Carter\Carter.csproj", "{FFAD085D-EB46-4E84-ACE3-4E65FF2A48E9}"
EndProject
Global
	GlobalSection(SolutionConfigurationPlatforms) = preSolution
		Debug|Any CPU = Debug|Any CPU
		Release|Any CPU = Release|Any CPU
	EndGlobalSection
	GlobalSection(ProjectConfigurationPlatforms) = postSolution
		{FFAD085D-EB46-4E84-ACE3-4E65FF2A48E9}.Debug|Any CPU.ActiveCfg = Debug|Any CPU
		{FFAD085D-EB46-4E84-ACE3-4E65FF2A48E9}.Debug|Any CPU.Build.0 = Debug|Any CPU
		{FFAD085D-EB46-4E84-ACE3-4E65FF2A48E9}.Release|Any CPU.ActiveCfg = Release|Any CPU
		{FFAD085D-EB46-4E84-ACE3-4E65FF2A48E9}.Release|Any CPU.Build.0 = Release|Any CPU
	EndGlobalSection
	GlobalSection(SolutionProperties) = preSolution
		HideSolutionNode = FALSE
	EndGlobalSection
	GlobalSection(ExtensibilityGlobals) = postSolution
		SolutionGuid = {C01D9AAA-8F55-463C-ADE1-5C6620D735F1}
	EndGlobalSection
EndGlobal
